
Microsoft Visual Studio Solution File, Format Version 12.00
# Visual Studio Version 17
VisualStudioVersion = 17.4.33205.214
MinimumVisualStudioVersion = 10.0.40219.1
Project("{FAE04EC0-301F-11D3-BF4B-00C04F79EFBC}") = "ModbusServer", "ModbusServer\ModbusServer.csproj", "{AAFC8E51-46D1-4371-98B2-5DF8984193BE}"
EndProject
Global
	GlobalSection(SolutionConfigurationPlatforms) = preSolution
		Debug|Any CPU = Debug|Any CPU
		Release|Any CPU = Release|Any CPU
	EndGlobalSection
	GlobalSection(ProjectConfigurationPlatforms) = postSolution
		{AAFC8E51-46D1-4371-98B2-5DF8984193BE}.Debug|Any CPU.ActiveCfg = Debug|Any CPU
		{AAFC8E51-46D1-4371-98B2-5DF8984193BE}.Debug|Any CPU.Build.0 = Debug|Any CPU
		{AAFC8E51-46D1-4371-98B2-5DF8984193BE}.Release|Any CPU.ActiveCfg = Release|Any CPU
		{AAFC8E51-46D1-4371-98B2-5DF8984193BE}.Release|Any CPU.Build.0 = Release|Any CPU
	EndGlobalSection
	GlobalSection(SolutionProperties) = preSolution
		HideSolutionNode = FALSE
	EndGlobalSection
	GlobalSection(ExtensibilityGlobals) = postSolution
		SolutionGuid = {CCD7703E-DFA5-4896-801E-CBC48E53E7C5}
	EndGlobalSection
EndGlobal
